// !$*UTF8*$!
{
	archiveVersion = 1;
	classes = {
	};
	objectVersion = 50;
	objects = {

/* Begin PBXBuildFile section */
		CC7CCC0425D58AC600E76151 /* AppDelegate.swift in Sources */ = {isa = PBXBuildFile; fileRef = CC7CCC0325D58AC600E76151 /* AppDelegate.swift */; };
		CC7CCC0825D58ACD00E76151 /* Assets.xcassets in Resources */ = {isa = PBXBuildFile; fileRef = CC7CCC0725D58ACD00E76151 /* Assets.xcassets */; };
		CC7CCC0B25D58ACD00E76151 /* Preview Assets.xcassets in Resources */ = {isa = PBXBuildFile; fileRef = CC7CCC0A25D58ACD00E76151 /* Preview Assets.xcassets */; };
		CC7CCC0E25D58ACD00E76151 /* Main.storyboard in Resources */ = {isa = PBXBuildFile; fileRef = CC7CCC0C25D58ACD00E76151 /* Main.storyboard */; };
		CC7CCC1925D5F04300E76151 /* EventMonitor.swift in Sources */ = {isa = PBXBuildFile; fileRef = CC7CCC1825D5F04300E76151 /* EventMonitor.swift */; };
		CC7CCC1F25D5F3E300E76151 /* DefaultsManager.swift in Sources */ = {isa = PBXBuildFile; fileRef = CC7CCC1E25D5F3E300E76151 /* DefaultsManager.swift */; };
		CC7CCC2525D6EA6600E76151 /* ConfigureViewController.swift in Sources */ = {isa = PBXBuildFile; fileRef = CC7CCC2425D6EA6600E76151 /* ConfigureViewController.swift */; };
		CC7CCC2A25D6F46A00E76151 /* ConfigureViewController.xib in Resources */ = {isa = PBXBuildFile; fileRef = CC7CCC2925D6F46A00E76151 /* ConfigureViewController.xib */; };
/* End PBXBuildFile section */

/* Begin PBXFileReference section */
		CC7CCC0025D58AC600E76151 /* MintClock.app */ = {isa = PBXFileReference; explicitFileType = wrapper.application; includeInIndex = 0; path = MintClock.app; sourceTree = BUILT_PRODUCTS_DIR; };
		CC7CCC0325D58AC600E76151 /* AppDelegate.swift */ = {isa = PBXFileReference; lastKnownFileType = sourcecode.swift; path = AppDelegate.swift; sourceTree = "<group>"; };
		CC7CCC0725D58ACD00E76151 /* Assets.xcassets */ = {isa = PBXFileReference; lastKnownFileType = folder.assetcatalog; path = Assets.xcassets; sourceTree = "<group>"; };
		CC7CCC0A25D58ACD00E76151 /* Preview Assets.xcassets */ = {isa = PBXFileReference; lastKnownFileType = folder.assetcatalog; path = "Preview Assets.xcassets"; sourceTree = "<group>"; };
		CC7CCC0D25D58ACD00E76151 /* Base */ = {isa = PBXFileReference; lastKnownFileType = file.storyboard; name = Base; path = Base.lproj/Main.storyboard; sourceTree = "<group>"; };
		CC7CCC0F25D58ACD00E76151 /* Info.plist */ = {isa = PBXFileReference; lastKnownFileType = text.plist.xml; path = Info.plist; sourceTree = "<group>"; };
		CC7CCC1025D58ACD00E76151 /* MintClock.entitlements */ = {isa = PBXFileReference; lastKnownFileType = text.plist.entitlements; path = MintClock.entitlements; sourceTree = "<group>"; };
		CC7CCC1825D5F04300E76151 /* EventMonitor.swift */ = {isa = PBXFileReference; lastKnownFileType = sourcecode.swift; path = EventMonitor.swift; sourceTree = "<group>"; };
		CC7CCC1E25D5F3E300E76151 /* DefaultsManager.swift */ = {isa = PBXFileReference; lastKnownFileType = sourcecode.swift; path = DefaultsManager.swift; sourceTree = "<group>"; };
		CC7CCC2425D6EA6600E76151 /* ConfigureViewController.swift */ = {isa = PBXFileReference; lastKnownFileType = sourcecode.swift; path = ConfigureViewController.swift; sourceTree = "<group>"; };
		CC7CCC2925D6F46A00E76151 /* ConfigureViewController.xib */ = {isa = PBXFileReference; lastKnownFileType = file.xib; path = ConfigureViewController.xib; sourceTree = "<group>"; };
/* End PBXFileReference section */

/* Begin PBXFrameworksBuildPhase section */
		CC7CCBFD25D58AC600E76151 /* Frameworks */ = {
			isa = PBXFrameworksBuildPhase;
			buildActionMask = 2147483647;
			files = (
			);
			runOnlyForDeploymentPostprocessing = 0;
		};
/* End PBXFrameworksBuildPhase section */

/* Begin PBXGroup section */
		CC7CCBF725D58AC600E76151 = {
			isa = PBXGroup;
			children = (
				CC7CCC0225D58AC600E76151 /* MintClock */,
				CC7CCC0125D58AC600E76151 /* Products */,
			);
			sourceTree = "<group>";
		};
		CC7CCC0125D58AC600E76151 /* Products */ = {
			isa = PBXGroup;
			children = (
				CC7CCC0025D58AC600E76151 /* MintClock.app */,
			);
			name = Products;
			sourceTree = "<group>";
		};
		CC7CCC0225D58AC600E76151 /* MintClock */ = {
			isa = PBXGroup;
			children = (
				CC7CCC0325D58AC600E76151 /* AppDelegate.swift */,
				CC7CCC1825D5F04300E76151 /* EventMonitor.swift */,
				CC7CCC2425D6EA6600E76151 /* ConfigureViewController.swift */,
				CC7CCC2925D6F46A00E76151 /* ConfigureViewController.xib */,
				CC7CCC1E25D5F3E300E76151 /* DefaultsManager.swift */,
				CC7CCC0725D58ACD00E76151 /* Assets.xcassets */,
				CC7CCC0C25D58ACD00E76151 /* Main.storyboard */,
				CC7CCC0F25D58ACD00E76151 /* Info.plist */,
				CC7CCC1025D58ACD00E76151 /* MintClock.entitlements */,
				CC7CCC0925D58ACD00E76151 /* Preview Content */,
			);
			path = MintClock;
			sourceTree = "<group>";
		};
		CC7CCC0925D58ACD00E76151 /* Preview Content */ = {
			isa = PBXGroup;
			children = (
				CC7CCC0A25D58ACD00E76151 /* Preview Assets.xcassets */,
			);
			path = "Preview Content";
			sourceTree = "<group>";
		};
/* End PBXGroup section */

/* Begin PBXNativeTarget section */
		CC7CCBFF25D58AC600E76151 /* MintClock */ = {
			isa = PBXNativeTarget;
			buildConfigurationList = CC7CCC1325D58ACD00E76151 /* Build configuration list for PBXNativeTarget "MintClock" */;
			buildPhases = (
				CC7CCBFC25D58AC600E76151 /* Sources */,
				CC7CCBFD25D58AC600E76151 /* Frameworks */,
				CC7CCBFE25D58AC600E76151 /* Resources */,
			);
			buildRules = (
			);
			dependencies = (
			);
			name = MintClock;
			productName = MintClock;
			productReference = CC7CCC0025D58AC600E76151 /* MintClock.app */;
			productType = "com.apple.product-type.application";
		};
/* End PBXNativeTarget section */

/* Begin PBXProject section */
		CC7CCBF825D58AC600E76151 /* Project object */ = {
			isa = PBXProject;
			attributes = {
				LastSwiftUpdateCheck = 1240;
				LastUpgradeCheck = 1240;
				TargetAttributes = {
					CC7CCBFF25D58AC600E76151 = {
						CreatedOnToolsVersion = 12.4;
					};
				};
			};
			buildConfigurationList = CC7CCBFB25D58AC600E76151 /* Build configuration list for PBXProject "MintClock" */;
			compatibilityVersion = "Xcode 9.3";
			developmentRegion = en;
			hasScannedForEncodings = 0;
			knownRegions = (
				en,
				Base,
			);
			mainGroup = CC7CCBF725D58AC600E76151;
			productRefGroup = CC7CCC0125D58AC600E76151 /* Products */;
			projectDirPath = "";
			projectRoot = "";
			targets = (
				CC7CCBFF25D58AC600E76151 /* MintClock */,
			);
		};
/* End PBXProject section */

/* Begin PBXResourcesBuildPhase section */
		CC7CCBFE25D58AC600E76151 /* Resources */ = {
			isa = PBXResourcesBuildPhase;
			buildActionMask = 2147483647;
			files = (
				CC7CCC0E25D58ACD00E76151 /* Main.storyboard in Resources */,
				CC7CCC2A25D6F46A00E76151 /* ConfigureViewController.xib in Resources */,
				CC7CCC0B25D58ACD00E76151 /* Preview Assets.xcassets in Resources */,
				CC7CCC0825D58ACD00E76151 /* Assets.xcassets in Resources */,
			);
			runOnlyForDeploymentPostprocessing = 0;
		};
/* End PBXResourcesBuildPhase section */

/* Begin PBXSourcesBuildPhase section */
		CC7CCBFC25D58AC600E76151 /* Sources */ = {
			isa = PBXSourcesBuildPhase;
			buildActionMask = 2147483647;
			files = (
				CC7CCC0425D58AC600E76151 /* AppDelegate.swift in Sources */,
				CC7CCC1925D5F04300E76151 /* EventMonitor.swift in Sources */,
				CC7CCC1F25D5F3E300E76151 /* DefaultsManager.swift in Sources */,
				CC7CCC2525D6EA6600E76151 /* ConfigureViewController.swift in Sources */,
			);
			runOnlyForDeploymentPostprocessing = 0;
		};
/* End PBXSourcesBuildPhase section */

/* Begin PBXVariantGroup section */
		CC7CCC0C25D58ACD00E76151 /* Main.storyboard */ = {
			isa = PBXVariantGroup;
			children = (
				CC7CCC0D25D58ACD00E76151 /* Base */,
			);
			name = Main.storyboard;
			sourceTree = "<group>";
		};
/* End PBXVariantGroup section */

/* Begin XCBuildConfiguration section */
		CC7CCC1125D58ACD00E76151 /* Debug */ = {
			isa = XCBuildConfiguration;
			buildSettings = {
				ALWAYS_SEARCH_USER_PATHS = NO;
				CLANG_ANALYZER_NONNULL = YES;
				CLANG_ANALYZER_NUMBER_OBJECT_CONVERSION = YES_AGGRESSIVE;
				CLANG_CXX_LANGUAGE_STANDARD = "gnu++14";
				CLANG_CXX_LIBRARY = "libc++";
				CLANG_ENABLE_MODULES = YES;
				CLANG_ENABLE_OBJC_ARC = YES;
				CLANG_ENABLE_OBJC_WEAK = YES;
				CLANG_WARN_BLOCK_CAPTURE_AUTORELEASING = YES;
				CLANG_WARN_BOOL_CONVERSION = YES;
				CLANG_WARN_COMMA = YES;
				CLANG_WARN_CONSTANT_CONVERSION = YES;
				CLANG_WARN_DEPRECATED_OBJC_IMPLEMENTATIONS = YES;
				CLANG_WARN_DIRECT_OBJC_ISA_USAGE = YES_ERROR;
				CLANG_WARN_DOCUMENTATION_COMMENTS = YES;
				CLANG_WARN_EMPTY_BODY = YES;
				CLANG_WARN_ENUM_CONVERSION = YES;
				CLANG_WARN_INFINITE_RECURSION = YES;
				CLANG_WARN_INT_CONVERSION = YES;
				CLANG_WARN_NON_LITERAL_NULL_CONVERSION = YES;
				CLANG_WARN_OBJC_IMPLICIT_RETAIN_SELF = YES;
				CLANG_WARN_OBJC_LITERAL_CONVERSION = YES;
				CLANG_WARN_OBJC_ROOT_CLASS = YES_ERROR;
				CLANG_WARN_QUOTED_INCLUDE_IN_FRAMEWORK_HEADER = YES;
				CLANG_WARN_RANGE_LOOP_ANALYSIS = YES;
				CLANG_WARN_STRICT_PROTOTYPES = YES;
				CLANG_WARN_SUSPICIOUS_MOVE = YES;
				CLANG_WARN_UNGUARDED_AVAILABILITY = YES_AGGRESSIVE;
				CLANG_WARN_UNREACHABLE_CODE = YES;
				CLANG_WARN__DUPLICATE_METHOD_MATCH = YES;
				COPY_PHASE_STRIP = NO;
				DEBUG_INFORMATION_FORMAT = dwarf;
				ENABLE_STRICT_OBJC_MSGSEND = YES;
				ENABLE_TESTABILITY = YES;
				GCC_C_LANGUAGE_STANDARD = gnu11;
				GCC_DYNAMIC_NO_PIC = NO;
				GCC_NO_COMMON_BLOCKS = YES;
				GCC_OPTIMIZATION_LEVEL = 0;
				GCC_PREPROCESSOR_DEFINITIONS = (
					"DEBUG=1",
					"$(inherited)",
				);
				GCC_WARN_64_TO_32_BIT_CONVERSION = YES;
				GCC_WARN_ABOUT_RETURN_TYPE = YES_ERROR;
				GCC_WARN_UNDECLARED_SELECTOR = YES;
				GCC_WARN_UNINITIALIZED_AUTOS = YES_AGGRESSIVE;
				GCC_WARN_UNUSED_FUNCTION = YES;
				GCC_WARN_UNUSED_VARIABLE = YES;
				MACOSX_DEPLOYMENT_TARGET = 11.1;
				MTL_ENABLE_DEBUG_INFO = INCLUDE_SOURCE;
				MTL_FAST_MATH = YES;
				ONLY_ACTIVE_ARCH = YES;
				SDKROOT = macosx;
				SWIFT_ACTIVE_COMPILATION_CONDITIONS = DEBUG;
				SWIFT_OPTIMIZATION_LEVEL = "-Onone";
			};
			name = Debug;
		};
		CC7CCC1225D58ACD00E76151 /* Release */ = {
			isa = XCBuildConfiguration;
			buildSettings = {
				ALWAYS_SEARCH_USER_PATHS = NO;
				CLANG_ANALYZER_NONNULL = YES;
				CLANG_ANALYZER_NUMBER_OBJECT_CONVERSION = YES_AGGRESSIVE;
				CLANG_CXX_LANGUAGE_STANDARD = "gnu++14";
				CLANG_CXX_LIBRARY = "libc++";
				CLANG_ENABLE_MODULES = YES;
				CLANG_ENABLE_OBJC_ARC = YES;
				CLANG_ENABLE_OBJC_WEAK = YES;
				CLANG_WARN_BLOCK_CAPTURE_AUTORELEASING = YES;
				CLANG_WARN_BOOL_CONVERSION = YES;
				CLANG_WARN_COMMA = YES;
				CLANG_WARN_CONSTANT_CONVERSION = YES;
				CLANG_WARN_DEPRECATED_OBJC_IMPLEMENTATIONS = YES;
				CLANG_WARN_DIRECT_OBJC_ISA_USAGE = YES_ERROR;
				CLANG_WARN_DOCUMENTATION_COMMENTS = YES;
				CLANG_WARN_EMPTY_BODY = YES;
				CLANG_WARN_ENUM_CONVERSION = YES;
				CLANG_WARN_INFINITE_RECURSION = YES;
				CLANG_WARN_INT_CONVERSION = YES;
				CLANG_WARN_NON_LITERAL_NULL_CONVERSION = YES;
				CLANG_WARN_OBJC_IMPLICIT_RETAIN_SELF = YES;
				CLANG_WARN_OBJC_LITERAL_CONVERSION = YES;
				CLANG_WARN_OBJC_ROOT_CLASS = YES_ERROR;
				CLANG_WARN_QUOTED_INCLUDE_IN_FRAMEWORK_HEADER = YES;
				CLANG_WARN_RANGE_LOOP_ANALYSIS = YES;
				CLANG_WARN_STRICT_PROTOTYPES = YES;
				CLANG_WARN_SUSPICIOUS_MOVE = YES;
				CLANG_WARN_UNGUARDED_AVAILABILITY = YES_AGGRESSIVE;
				CLANG_WARN_UNREACHABLE_CODE = YES;
				CLANG_WARN__DUPLICATE_METHOD_MATCH = YES;
				COPY_PHASE_STRIP = NO;
				DEBUG_INFORMATION_FORMAT = "dwarf-with-dsym";
				ENABLE_NS_ASSERTIONS = NO;
				ENABLE_STRICT_OBJC_MSGSEND = YES;
				GCC_C_LANGUAGE_STANDARD = gnu11;
				GCC_NO_COMMON_BLOCKS = YES;
				GCC_WARN_64_TO_32_BIT_CONVERSION = YES;
				GCC_WARN_ABOUT_RETURN_TYPE = YES_ERROR;
				GCC_WARN_UNDECLARED_SELECTOR = YES;
				GCC_WARN_UNINITIALIZED_AUTOS = YES_AGGRESSIVE;
				GCC_WARN_UNUSED_FUNCTION = YES;
				GCC_WARN_UNUSED_VARIABLE = YES;
				MACOSX_DEPLOYMENT_TARGET = 11.1;
				MTL_ENABLE_DEBUG_INFO = NO;
				MTL_FAST_MATH = YES;
				SDKROOT = macosx;
				SWIFT_COMPILATION_MODE = wholemodule;
				SWIFT_OPTIMIZATION_LEVEL = "-O";
			};
			name = Release;
		};
		CC7CCC1425D58ACD00E76151 /* Debug */ = {
			isa = XCBuildConfiguration;
			buildSettings = {
				ASSETCATALOG_COMPILER_APPICON_NAME = AppIcon;
				ASSETCATALOG_COMPILER_GLOBAL_ACCENT_COLOR_NAME = AccentColor;
				CODE_SIGN_ENTITLEMENTS = MintClock/MintClock.entitlements;
				CODE_SIGN_STYLE = Automatic;
				COMBINE_HIDPI_IMAGES = YES;
				DEVELOPMENT_ASSET_PATHS = "\"MintClock/Preview Content\"";
				DEVELOPMENT_TEAM = 3569DJMMA9;
				ENABLE_HARDENED_RUNTIME = YES;
				ENABLE_PREVIEWS = YES;
				INFOPLIST_FILE = MintClock/Info.plist;
				LD_RUNPATH_SEARCH_PATHS = (
					"$(inherited)",
					"@executable_path/../Frameworks",
				);
				MACOSX_DEPLOYMENT_TARGET = 10.15;
				PRODUCT_BUNDLE_IDENTIFIER = com.mintclock.MintClock;
				PRODUCT_NAME = "$(TARGET_NAME)";
				SWIFT_VERSION = 5.0;
			};
			name = Debug;
		};
		CC7CCC1525D58ACD00E76151 /* Release */ = {
			isa = XCBuildConfiguration;
			buildSettings = {
				ASSETCATALOG_COMPILER_APPICON_NAME = AppIcon;
				ASSETCATALOG_COMPILER_GLOBAL_ACCENT_COLOR_NAME = AccentColor;
				CODE_SIGN_ENTITLEMENTS = MintClock/MintClock.entitlements;
				CODE_SIGN_STYLE = Automatic;
				COMBINE_HIDPI_IMAGES = YES;
				DEVELOPMENT_ASSET_PATHS = "\"MintClock/Preview Content\"";
				DEVELOPMENT_TEAM = 3569DJMMA9;
				ENABLE_HARDENED_RUNTIME = YES;
				ENABLE_PREVIEWS = YES;
				INFOPLIST_FILE = MintClock/Info.plist;
				LD_RUNPATH_SEARCH_PATHS = (
					"$(inherited)",
					"@executable_path/../Frameworks",
				);
				MACOSX_DEPLOYMENT_TARGET = 10.15;
				PRODUCT_BUNDLE_IDENTIFIER = com.mintclock.MintClock;
				PRODUCT_NAME = "$(TARGET_NAME)";
				SWIFT_VERSION = 5.0;
			};
			name = Release;
		};
/* End XCBuildConfiguration section */

/* Begin XCConfigurationList section */
		CC7CCBFB25D58AC600E76151 /* Build configuration list for PBXProject "MintClock" */ = {
			isa = XCConfigurationList;
			buildConfigurations = (
				CC7CCC1125D58ACD00E76151 /* Debug */,
				CC7CCC1225D58ACD00E76151 /* Release */,
			);
			defaultConfigurationIsVisible = 0;
			defaultConfigurationName = Release;
		};
		CC7CCC1325D58ACD00E76151 /* Build configuration list for PBXNativeTarget "MintClock" */ = {
			isa = XCConfigurationList;
			buildConfigurations = (
				CC7CCC1425D58ACD00E76151 /* Debug */,
				CC7CCC1525D58ACD00E76151 /* Release */,
			);
			defaultConfigurationIsVisible = 0;
			defaultConfigurationName = Release;
		};
/* End XCConfigurationList section */
	};
	rootObject = CC7CCBF825D58AC600E76151 /* Project object */;
}
